# This file was autogenerated by Stack.
# You should not edit this file by hand.
# For more information, please see the documentation at:
#   https://docs.haskellstack.org/en/stable/lock_files

packages:
- completed:
    hackage: implicit-0.3.0.1@sha256:6483788b310be6531385d05d9064b7992752dec4c1dee7016df27bde3b1f11cb,10881
    pantry-tree:
      size: 4927
      sha256: 096b83316dac4d5d0d79c6ec02821d9a824048cc657642132f8dba13349d50ab
  original:
    hackage: implicit-0.3.0.1
- completed:
    hackage: snap-server-1.1.2.0@sha256:325378e4f7a50b1a94cf6175e11b9ac6db5edcdd87226f2d5997999334b85c46,15200
    pantry-tree:
      size: 3313
      sha256: bac856da3319ff93d100dfd5811fbcc39d7d8b7e51d6adc07aea3fc81aacd14e
  original:
    hackage: snap-server-1.1.2.0
- completed:
    hackage: io-streams-haproxy-1.0.1.0@sha256:e756f17c5b07b62103d75c1535cb454ac8d098a4b726c8a3bafb334071646a1c,3084
    pantry-tree:
      size: 589
      sha256: 7263dc9d95bb2b71e7999b77df1642b7d79ab1b22e26f3cfd4bd51438435ced1
  original:
    hackage: io-streams-haproxy-1.0.1.0
snapshots:
- completed:
    size: 618507
    url: https://raw.githubusercontent.com/commercialhaskell/stackage-snapshots/master/lts/19/9.yaml
    sha256: 190a93d09d9d7bccc78a0f00d6fc0350eed76bc533611e5971202800805dd00e
  original: lts-19.9
